{
  "nodes": {
    "agent-skills-nix": {
      "inputs": {
        "home-manager": "home-manager",
        "nixpkgs": [
          "nixpkgs"
        ]
      },
      "locked": {
        "lastModified": 1783839654,
        "narHash": "sha256-rn5DkeQ9PBaJTZl9juBtPnVawyN4B83tyz1VpiinQFo=",
        "owner": "Kyure-A",
        "repo": "agent-skills-nix",
        "rev": "8326df98cf494dc515db99affa9ea9d2bd6666b6",
        "type": "github"
      },
      "original": {
        "owner": "Kyure-A",
        "repo": "agent-skills-nix",
        "type": "github"
      }
    },
    "agent-toolkit": {
      "flake": false,
      "locked": {
        "lastModified": 1772729184,
        "narHash": "sha256-1q4IP55kvZhJibTLJct0SSifw46lBmAQhp9nSmDzYxs=",
        "owner": "softaworks",
        "repo": "agent-toolkit",
        "rev": "3027f20f3181758385a1bb8c022d4041dfb4de84",
        "type": "github"
      },
      "original": {
        "owner": "softaworks",
        "repo": "agent-toolkit",
        "type": "github"
      }
    },
    "agentic-qe": {
      "flake": false,
      "locked": {
        "lastModified": 1784304331,
        "narHash": "sha256-6egO967xl2jpTCa6zuK/ChQ4s6R7pNRFHZ22F4vhM60=",
        "owner": "proffesor-for-testing",
        "repo": "agentic-qe",
        "rev": "55ab90c8982183b797719dc3528b526bc08edc6c",
        "type": "github"
      },
      "original": {
        "owner": "proffesor-for-testing",
        "repo": "agentic-qe",
        "type": "github"
      }
    },
    "anthropic-skills": {
      "flake": false,
      "locked": {
        "lastModified": 1784256457,
        "narHash": "sha256-QZ+zJkyLd/42rxgtJEZSUOz9R75Tse6UXW7G0nOkFS8=",
        "owner": "anthropics",
        "repo": "skills",
        "rev": "fa0fa64bdc967915dc8399e803be67759e1e62b8",
        "type": "github"
      },
      "original": {
        "owner": "anthropics",
        "repo": "skills",
        "type": "github"
      }
    },
    "awesome-claude-skills": {
      "flake": false,
      "locked": {
        "lastModified": 1779419869,
        "narHash": "sha256-UTotWI4iuL9Xqc1GLIhmje665rIAYkoOldXigGkOgBM=",
        "owner": "composioHQ",
        "repo": "awesome-claude-skills",
        "rev": "92568c1edaff1bde5371154f036d959346c145a8",
        "type": "github"
      },
      "original": {
        "owner": "composioHQ",
        "repo": "awesome-claude-skills",
        "type": "github"
      }
    },
    "bun2nix": {
      "inputs": {
        "flake-parts": [
          "llm-agents",
          "flake-parts"
        ],
        "nixpkgs": [
          "llm-agents",
          "nixpkgs"
        ],
        "systems": [
          "llm-agents",
          "systems"
        ],
        "treefmt-nix": [
          "llm-agents",
          "treefmt-nix"
        ]
      },
      "locked": {
        "lastModified": 1782772816,
        "narHash": "sha256-s9BuFv0mRuZx9C1MF8qPHRdcAK14ONi0A5m6E2wqOoM=",
        "owner": "nix-community",
        "repo": "bun2nix",
        "rev": "5a39d717029e94163ac223aee8d5c9946cafed1c",
        "type": "github"
      },
      "original": {
        "owner": "nix-community",
        "repo": "bun2nix",
        "type": "github"
      }
    },
    "ccconfigs": {
      "flake": false,
      "locked": {
        "lastModified": 1784201800,
        "narHash": "sha256-FPusZijBty2aKLvRSbxUi0Mjttvc4goKXZkBuOnC7Fs=",
        "owner": "dhruvbaldawa",
        "repo": "ccconfigs",
        "rev": "cb839be60f474b4dc33c30c0fee950818c05a514",
        "type": "github"
      },
      "original": {
        "owner": "dhruvbaldawa",
        "repo": "ccconfigs",
        "type": "github"
      }
    },
    "flake-compat": {
      "flake": false,
      "locked": {
        "lastModified": 1767039857,
        "narHash": "sha256-vNpUSpF5Nuw8xvDLj2KCwwksIbjua2LZCqhV1LNRDns=",
        "owner": "NixOS",
        "repo": "flake-compat",
        "rev": "5edf11c44bc78a0d334f6334cdaf7d60d732daab",
        "type": "github"
      },
      "original": {
        "owner": "NixOS",
        "repo": "flake-compat",
        "type": "github"
      }
    },
    "flake-parts": {
      "inputs": {
        "nixpkgs-lib": [
          "llm-agents",
          "nixpkgs"
        ]
      },
      "locked": {
        "lastModified": 1782949081,
        "narHash": "sha256-vp6Y/Grm98ESt6ceOkWiHWyZRDV3J1RID4w+6NWK9yA=",
        "owner": "hercules-ci",
        "repo": "flake-parts",
        "rev": "17c9d6cdfc60c64f4ee8d306f9bc0b4ccb51481e",
        "type": "github"
      },
      "original": {
        "owner": "hercules-ci",
        "repo": "flake-parts",
        "type": "github"
      }
    },
    "flake-utils": {
      "inputs": {
        "systems": "systems_2"
      },
      "locked": {
        "lastModified": 1731533236,
        "narHash": "sha256-l0KFg5HjrsfsO/JpG+r7fRrqm12kzFHyUHqHCVpMMbI=",
        "owner": "numtide",
        "repo": "flake-utils",
        "rev": "11707dc2f618dd54ca8739b309ec4fc024de578b",
        "type": "github"
      },
      "original": {
        "owner": "numtide",
        "repo": "flake-utils",
        "type": "github"
      }
    },
    "flake-utils_2": {
      "inputs": {
        "systems": "systems_3"
      },
      "locked": {
        "lastModified": 1731533236,
        "narHash": "sha256-l0KFg5HjrsfsO/JpG+r7fRrqm12kzFHyUHqHCVpMMbI=",
        "owner": "numtide",
        "repo": "flake-utils",
        "rev": "11707dc2f618dd54ca8739b309ec4fc024de578b",
        "type": "github"
      },
      "original": {
        "owner": "numtide",
        "repo": "flake-utils",
        "type": "github"
      }
    },
    "home-manager": {
      "inputs": {
        "nixpkgs": [
          "agent-skills-nix",
          "nixpkgs"
        ]
      },
      "locked": {
        "lastModified": 1783222121,
        "narHash": "sha256-E/ElL373TO8lQ2aMvYyzN+k4xkVaUGoRqoa8AtM71tI=",
        "owner": "nix-community",
        "repo": "home-manager",
        "rev": "a1645f40777620c4bd2b6d854b290c2fc354a266",
        "type": "github"
      },
      "original": {
        "owner": "nix-community",
        "repo": "home-manager",
        "type": "github"
      }
    },
    "home-manager_2": {
      "inputs": {
        "nixpkgs": [
          "nixpkgs"
        ]
      },
      "locked": {
        "lastModified": 1783740085,
        "narHash": "sha256-qajyHfZY29G2oEQk+uHxmsJcRoBUBXP9maTpFlwP/dI=",
        "owner": "nix-community",
        "repo": "home-manager",
        "rev": "3cd22efe6471dc7365c822bd9ad73a21e55f38fb",
        "type": "github"
      },
      "original": {
        "owner": "nix-community",
        "ref": "release-26.05",
        "repo": "home-manager",
        "type": "github"
      }
    },
    "kwin-last-desktop": {
      "flake": false,
      "locked": {
        "lastModified": 1766776738,
        "narHash": "sha256-580/klIqfiZWRyy3UNNx/NHsp4bsbCbFvoJzepOlPNQ=",
        "owner": "luisbocanegra",
        "repo": "kwin-switch-to-last-used-desktop",
        "rev": "20b2713460bed432c68359da304a83655fa2113d",
        "type": "github"
      },
      "original": {
        "owner": "luisbocanegra",
        "repo": "kwin-switch-to-last-used-desktop",
        "type": "github"
      }
    },
    "llm-agents": {
      "inputs": {
        "bun2nix": "bun2nix",
        "flake-parts": "flake-parts",
        "nixpkgs": [
          "nixpkgs"
        ],
        "systems": "systems",
        "treefmt-nix": "treefmt-nix"
      },
      "locked": {
        "lastModified": 1784343140,
        "narHash": "sha256-+xUTmlEXoFwJN+llRGS1q45tfjP6gwswL13R1q+bzsY=",
        "owner": "numtide",
        "repo": "llm-agents.nix",
        "rev": "a3da1be8b403f7bce07cd94847ef6c3fbcbd9314",
        "type": "github"
      },
      "original": {
        "owner": "numtide",
        "repo": "llm-agents.nix",
        "type": "github"
      }
    },
    "mcp-servers-nix": {
      "inputs": {
        "nixpkgs": [
          "nixpkgs"
        ]
      },
      "locked": {
        "lastModified": 1784293699,
        "narHash": "sha256-NU0hTN14YgxSrTDU0ELAF7i5gjsqHxI9AsbS38nAO/4=",
        "owner": "natsukium",
        "repo": "mcp-servers-nix",
        "rev": "9537416185661acf10c59cec4886105f60bf2a7e",
        "type": "github"
      },
      "original": {
        "owner": "natsukium",
        "repo": "mcp-servers-nix",
        "type": "github"
      }
    },
    "mmdr": {
      "inputs": {
        "flake-utils": "flake-utils",
        "nixpkgs": "nixpkgs"
      },
      "locked": {
        "lastModified": 1784247699,
        "narHash": "sha256-vyJCjdoYgCTrMbhCcVh5nKIipnpawijcmkPB4AUJxmI=",
        "owner": "1jehuang",
        "repo": "mermaid-rs-renderer",
        "rev": "7ff1196ed297c32a65a6b3cdc28f3ca3787fb65e",
        "type": "github"
      },
      "original": {
        "owner": "1jehuang",
        "repo": "mermaid-rs-renderer",
        "type": "github"
      }
    },
    "nicknisi-dotfiles": {
      "flake": false,
      "locked": {
        "lastModified": 1766091703,
        "narHash": "sha256-U1GqtQMgzimGbbDJpqIGrBnu5HiSTZDETAKFhijMU9s=",
        "owner": "nicknisi",
        "repo": "dotfiles",
        "rev": "f1be3f2b669c8e3401b589141f9a56651e45a1a7",
        "type": "github"
      },
      "original": {
        "owner": "nicknisi",
        "repo": "dotfiles",
        "rev": "f1be3f2b669c8e3401b589141f9a56651e45a1a7",
        "type": "github"
      }
    },
    "nixgl": {
      "inputs": {
        "flake-utils": "flake-utils_2",
        "nixpkgs": "nixpkgs_2"
      },
      "locked": {
        "lastModified": 1762090880,
        "narHash": "sha256-fbRQzIGPkjZa83MowjbD2ALaJf9y6KMDdJBQMKFeY/8=",
        "owner": "nix-community",
        "repo": "nixGL",
        "rev": "b6105297e6f0cd041670c3e8628394d4ee247ed5",
        "type": "github"
      },
      "original": {
        "owner": "nix-community",
        "repo": "nixGL",
        "type": "github"
      }
    },
    "nixpkgs": {
      "locked": {
        "lastModified": 1783791668,
        "narHash": "sha256-zbcZ1dmBTPfJ7Mlqh/yLEPGpgJnwuv4Xr1xucy2WqMA=",
        "owner": "NixOS",
        "repo": "nixpkgs",
        "rev": "716c7a2664ca8325617b8a7fbb609273f2c4cae7",
        "type": "github"
      },
      "original": {
        "owner": "NixOS",
        "ref": "nixpkgs-unstable",
        "repo": "nixpkgs",
        "type": "github"
      }
    },
    "nixpkgs_2": {
      "locked": {
        "lastModified": 1746378225,
        "narHash": "sha256-OeRSuL8PUjIfL3Q0fTbNJD/fmv1R+K2JAOqWJd3Oceg=",
        "owner": "nixos",
        "repo": "nixpkgs",
        "rev": "93e8cdce7afc64297cfec447c311470788131cd9",
        "type": "github"
      },
      "original": {
        "owner": "nixos",
        "repo": "nixpkgs",
        "type": "github"
      }
    },
    "nixpkgs_3": {
      "locked": {
        "lastModified": 1784280462,
        "narHash": "sha256-DtoqIqM7VkR6NxAkcLpMwmi02USwWb3JdmNGLyhthc0=",
        "owner": "nixos",
        "repo": "nixpkgs",
        "rev": "293d6abedf0478e681a4dfcfcb35b30fc796a32f",
        "type": "github"
      },
      "original": {
        "owner": "nixos",
        "ref": "nixos-26.05",
        "repo": "nixpkgs",
        "type": "github"
      }
    },
    "nu-scripts": {
      "flake": false,
      "locked": {
        "lastModified": 1784464479,
        "narHash": "sha256-b4/JOcpUa2BittwZz/w3IPUik4QPlpqcgc2dgDDbb1E=",
        "owner": "nushell",
        "repo": "nu_scripts",
        "rev": "381eb7577705b00bea437da7c0439c39ff05f06b",
        "type": "github"
      },
      "original": {
        "owner": "nushell",
        "repo": "nu_scripts",
        "type": "github"
      }
    },
    "pre-commit-hooks": {
      "inputs": {
        "flake-compat": "flake-compat",
        "nixpkgs": [
          "nixpkgs"
        ]
      },
      "locked": {
        "lastModified": 1784288435,
        "narHash": "sha256-ReRHaLgr/uVqdD8afFSn+myXIfpHeOhP0yYe0TJqAA8=",
        "owner": "cachix",
        "repo": "pre-commit-hooks.nix",
        "rev": "43b3c1ab9d40fb1dbb008f451988a91e375825e9",
        "type": "github"
      },
      "original": {
        "owner": "cachix",
        "repo": "pre-commit-hooks.nix",
        "type": "github"
      }
    },
    "root": {
      "inputs": {
        "agent-skills-nix": "agent-skills-nix",
        "agent-toolkit": "agent-toolkit",
        "agentic-qe": "agentic-qe",
        "anthropic-skills": "anthropic-skills",
        "awesome-claude-skills": "awesome-claude-skills",
        "ccconfigs": "ccconfigs",
        "home-manager": "home-manager_2",
        "kwin-last-desktop": "kwin-last-desktop",
        "llm-agents": "llm-agents",
        "mcp-servers-nix": "mcp-servers-nix",
        "mmdr": "mmdr",
        "nicknisi-dotfiles": "nicknisi-dotfiles",
        "nixgl": "nixgl",
        "nixpkgs": "nixpkgs_3",
        "nu-scripts": "nu-scripts",
        "pre-commit-hooks": "pre-commit-hooks",
        "skill-seekers": "skill-seekers",
        "sops-nix": "sops-nix",
        "spicetify-nix": "spicetify-nix",
        "superpowers": "superpowers",
        "vercel-skills": "vercel-skills"
      }
    },
    "skill-seekers": {
      "flake": false,
      "locked": {
        "lastModified": 1784295538,
        "narHash": "sha256-WhuC9DGqxiqA6yb9wAfK7cJZQzEhdIf4j9jr+eS+9lg=",
        "owner": "yusufkaraaslan",
        "repo": "Skill_Seekers",
        "rev": "d3f9b2c93779b08590af346b62abace15408f22e",
        "type": "github"
      },
      "original": {
        "owner": "yusufkaraaslan",
        "repo": "Skill_Seekers",
        "type": "github"
      }
    },
    "sops-nix": {
      "inputs": {
        "nixpkgs": [
          "nixpkgs"
        ]
      },
      "locked": {
        "lastModified": 1783174389,
        "narHash": "sha256-aCWC8ngycU7OdJrU2+Je3qf+1a2ykuBvpPhZT/9tXMc=",
        "owner": "Mic92",
        "repo": "sops-nix",
        "rev": "f1406619a3884cd5c47992a70b8b35c9c0fcb4c9",
        "type": "github"
      },
      "original": {
        "owner": "Mic92",
        "repo": "sops-nix",
        "type": "github"
      }
    },
    "spicetify-nix": {
      "inputs": {
        "nixpkgs": [
          "nixpkgs"
        ],
        "systems": "systems_4"
      },
      "locked": {
        "lastModified": 1783838433,
        "narHash": "sha256-Zb8+v76qSPYDlUea1y30YzgdEoDjA97vRmeqfPAqwZs=",
        "owner": "Gerg-L",
        "repo": "spicetify-nix",
        "rev": "c6ab7371e40abd405313af9bddafd5f37cc94f83",
        "type": "github"
      },
      "original": {
        "owner": "Gerg-L",
        "repo": "spicetify-nix",
        "type": "github"
      }
    },
    "superpowers": {
      "flake": false,
      "locked": {
        "lastModified": 1783029415,
        "narHash": "sha256-kHdQ9e44doBk2yYW88tMSCqVG8ycYcvJSZlrIziXhpA=",
        "owner": "obra",
        "repo": "superpowers",
        "rev": "d884ae04edebef577e82ff7c4e143debd0bbec99",
        "type": "github"
      },
      "original": {
        "owner": "obra",
        "repo": "superpowers",
        "type": "github"
      }
    },
    "systems": {
      "locked": {
        "lastModified": 1681028828,
        "narHash": "sha256-Vy1rq5AaRuLzOxct8nz4T6wlgyUR7zLU309k9mBC768=",
        "owner": "nix-systems",
        "repo": "default",
        "rev": "da67096a3b9bf56a91d16901293e51ba5b49a27e",
        "type": "github"
      },
      "original": {
        "owner": "nix-systems",
        "repo": "default",
        "type": "github"
      }
    },
    "systems_2": {
      "locked": {
        "lastModified": 1681028828,
        "narHash": "sha256-Vy1rq5AaRuLzOxct8nz4T6wlgyUR7zLU309k9mBC768=",
        "owner": "nix-systems",
        "repo": "default",
        "rev": "da67096a3b9bf56a91d16901293e51ba5b49a27e",
        "type": "github"
      },
      "original": {
        "owner": "nix-systems",
        "repo": "default",
        "type": "github"
      }
    },
    "systems_3": {
      "locked": {
        "lastModified": 1681028828,
        "narHash": "sha256-Vy1rq5AaRuLzOxct8nz4T6wlgyUR7zLU309k9mBC768=",
        "owner": "nix-systems",
        "repo": "default",
        "rev": "da67096a3b9bf56a91d16901293e51ba5b49a27e",
        "type": "github"
      },
      "original": {
        "owner": "nix-systems",
        "repo": "default",
        "type": "github"
      }
    },
    "systems_4": {
      "locked": {
        "lastModified": 1681028828,
        "narHash": "sha256-Vy1rq5AaRuLzOxct8nz4T6wlgyUR7zLU309k9mBC768=",
        "owner": "nix-systems",
        "repo": "default",
        "rev": "da67096a3b9bf56a91d16901293e51ba5b49a27e",
        "type": "github"
      },
      "original": {
        "owner": "nix-systems",
        "repo": "default",
        "type": "github"
      }
    },
    "treefmt-nix": {
      "inputs": {
        "nixpkgs": [
          "llm-agents",
          "nixpkgs"
        ]
      },
      "locked": {
        "lastModified": 1780220602,
        "narHash": "sha256-eynAfOmbmxJnkp7YewvCEbShNnnYJ9gLLqkzsYtBPeM=",
        "owner": "numtide",
        "repo": "treefmt-nix",
        "rev": "db947814a175b7ca6ded66e21383d938df01c227",
        "type": "github"
      },
      "original": {
        "owner": "numtide",
        "repo": "treefmt-nix",
        "type": "github"
      }
    },
    "vercel-skills": {
      "flake": false,
      "locked": {
        "lastModified": 1781126507,
        "narHash": "sha256-LSFC0Zxc4Lgisu5/r6qBF1R0X36hePkVPfbvbx48YdY=",
        "owner": "vercel-labs",
        "repo": "agent-skills",
        "rev": "f8a72b9603728bb92a217a879b7e62e43ad76c81",
        "type": "github"
      },
      "original": {
        "owner": "vercel-labs",
        "repo": "agent-skills",
        "type": "github"
      }
    }
  },
  "root": "root",
  "version": 7
}
